# Generated by conda-lock.
# platform: win-64
# input_hash: 5ca89728ee62a1e5eaaad5392f0e1b98665270c9d4beaab03913caa790090bc8

channels:
  - conda-forge
  - nodefaults
dependencies:
  - accessible-pygments=0.0.5=pyhd8ed1ab_1
  - alabaster=0.7.16=pyhd8ed1ab_0
  - annotated-types=0.7.0=pyhd8ed1ab_1
  - ansi2html=1.9.2=py310h5588dad_2
  - anyio=4.8.0=pyhd8ed1ab_0
  - aom=3.7.1=h63175ca_0
  - argon2-cffi=23.1.0=pyhd8ed1ab_1
  - argon2-cffi-bindings=21.2.0=py310ha8f682b_5
  - arrow=1.3.0=pyhd8ed1ab_1
  - asciitree=0.3.3=py_2
  - astroid=3.3.8=py310h5588dad_0
  - asttokens=3.0.0=pyhd8ed1ab_1
  - async-lru=2.0.4=pyhd8ed1ab_1
  - attrs=25.1.0=pyh71513ae_0
  - babel=2.17.0=pyhd8ed1ab_0
  - beautifulsoup4=4.13.3=pyha770c72_0
  - bleach=6.2.0=pyh29332c3_4
  - bleach-with-css=6.2.0=h82add2a_4
  - blinker=1.9.0=pyhff2d567_0
  - blosc=1.21.5=hdccc3a2_0
  - bokeh=3.6.3=pyhd8ed1ab_0
  - brotli=1.1.0=h2466b09_2
  - brotli-bin=1.1.0=h2466b09_2
  - brotli-python=1.1.0=py310h9e98ed7_2
  - bzip2=1.0.8=h2466b09_7
  - c-ares=1.34.4=h2466b09_0
  - c-blosc2=2.14.3=h183a6f4_0
  - ca-certificates=2025.1.31=h56e8100_0
  - cached-property=1.5.2=hd8ed1ab_1
  - cached_property=1.5.2=pyha770c72_1
  - cairo=1.18.0=h1fef639_0
  - certifi=2025.1.31=pyhd8ed1ab_0
  - cffi=1.17.1=py310ha8f682b_0
  - cfitsio=4.2.0=h9ebe7e4_0
  - charls=2.4.2=h1537add_0
  - charset-normalizer=3.4.1=pyhd8ed1ab_0
  - click=8.1.8=pyh7428d3b_0
  - click-plugins=1.1.1=pyhd8ed1ab_1
  - cligj=0.7.2=pyhd8ed1ab_2
  - cloudpickle=3.1.1=pyhd8ed1ab_0
  - colorama=0.4.6=pyhd8ed1ab_1
  - comm=0.2.2=pyhd8ed1ab_1
  - contourpy=1.3.1=py310hc19bc0b_0
  - coverage=7.6.12=py310h38315fa_0
  - cpython=3.10.16=py310hd8ed1ab_1
  - cycler=0.12.1=pyhd8ed1ab_1
  - cytoolz=1.0.1=py310ha8f682b_0
  - dash=2.12.1=pyhd8ed1ab_0
  - dash-daq=0.5.0=pyhd8ed1ab_2
  - dask-core=2024.6.2=pyhd8ed1ab_0
  - dataclasses=0.8=pyhc8e2a94_3
  - dav1d=1.2.1=hcfcfb64_0
  - debugpy=1.8.12=py310h9e98ed7_0
  - decorator=5.2.1=pyhd8ed1ab_0
  - defusedxml=0.7.1=pyhd8ed1ab_0
  - dill=0.3.9=pyhd8ed1ab_1
  - discretize=0.11.2=py310h3e8ed56_1
  - distributed=2024.6.2=pyhd8ed1ab_0
  - docutils=0.19=py310h5588dad_1
  - empymod=2.2.2=pyhd8ed1ab_0
  - exceptiongroup=1.2.2=pyhd8ed1ab_1
  - executing=2.1.0=pyhd8ed1ab_1
  - fasteners=0.19=pyhd8ed1ab_1
  - fiona=1.9.3=py310h4a685fe_0
  - flask=3.1.0=pyhff2d567_0
  - font-ttf-dejavu-sans-mono=2.37=hab24e00_0
  - font-ttf-inconsolata=3.000=h77eed37_0
  - font-ttf-source-code-pro=2.038=h77eed37_0
  - font-ttf-ubuntu=0.83=h77eed37_3
  - fontconfig=2.15.0=h765892d_1
  - fonts-conda-ecosystem=1=0
  - fonts-conda-forge=1=0
  - fonttools=4.56.0=py310h38315fa_0
  - fqdn=1.5.1=pyhd8ed1ab_1
  - freetype=2.12.1=hdaf720e_2
  - freexl=2.0.0=hf297d47_2
  - fsspec=2022.11.0=pyhd8ed1ab_0
  - gdal=3.6.4=py310haa9213b_22
  - geoana=0.7.2=py310h3e8ed56_0
  - geos=3.12.0=h1537add_0
  - geotiff=1.7.1=hcf4a93f_14
  - gettext=0.22.5=h5728263_3
  - gettext-tools=0.22.5=h5a7288d_3
  - giflib=5.2.2=h64bf75a_0
  - glib=2.78.1=h12be248_0
  - glib-tools=2.78.1=h12be248_0
  - greenlet=3.1.1=py310h9e98ed7_1
  - gst-plugins-base=1.22.7=h001b923_0
  - gstreamer=1.22.7=hb4038d2_0
  - h11=0.14.0=pyhd8ed1ab_1
  - h2=4.2.0=pyhd8ed1ab_0
  - h5py=3.13.0=nompi_py310h2b0be38_100
  - hdf4=4.2.15=h5557f11_7
  - hdf5=1.14.3=nompi_hb2c4d47_109
  - hpack=4.1.0=pyhd8ed1ab_0
  - httpcore=1.0.7=pyh29332c3_1
  - httpx=0.28.1=pyhd8ed1ab_0
  - hyperframe=6.1.0=pyhd8ed1ab_0
  - icu=73.2=h63175ca_0
  - idna=3.10=pyhd8ed1ab_1
  - imagecodecs=2024.1.1=py310h32f22c9_2
  - imageio=2.37.0=pyhfb79c49_0
  - imagesize=1.4.1=pyhd8ed1ab_0
  - importlib-metadata=8.6.1=pyha770c72_0
  - importlib_metadata=8.6.1=hd8ed1ab_0
  - importlib_resources=6.5.2=pyhd8ed1ab_0
  - iniconfig=2.0.0=pyhd8ed1ab_1
  - intel-openmp=2023.2.0=h57928b3_50497
  - ipyfilechooser=0.6.0=pyhd8ed1ab_0
  - ipykernel=6.29.5=pyh4bbf305_0
  - ipython=8.32.0=pyh9ab4c32_0
  - ipywidgets=8.1.5=pyhd8ed1ab_1
  - isoduration=20.11.0=pyhd8ed1ab_1
  - isort=6.0.0=pyhd8ed1ab_0
  - itsdangerous=2.2.0=pyhd8ed1ab_1
  - jedi=0.19.2=pyhd8ed1ab_1
  - jinja2=3.1.5=pyhd8ed1ab_0
  - joblib=1.4.2=pyhd8ed1ab_1
  - json5=0.10.0=pyhd8ed1ab_1
  - jsonpointer=3.0.0=py310h5588dad_1
  - jsonschema=4.23.0=pyhd8ed1ab_1
  - jsonschema-specifications=2024.10.1=pyhd8ed1ab_1
  - jsonschema-with-format-nongpl=4.23.0=hd8ed1ab_1
  - jupyter-book=1.0.3=pyhd8ed1ab_1
  - jupyter-cache=1.0.1=pyhff2d567_0
  - jupyter-lsp=2.2.5=pyhd8ed1ab_1
  - jupyter_client=8.6.3=pyhd8ed1ab_1
  - jupyter_core=5.7.2=pyh5737063_1
  - jupyter_events=0.12.0=pyh29332c3_0
  - jupyter_server=2.15.0=pyhd8ed1ab_0
  - jupyter_server_terminals=0.5.3=pyhd8ed1ab_1
  - jupyterlab=4.3.5=pyhd8ed1ab_0
  - jupyterlab_pygments=0.3.0=pyhd8ed1ab_2
  - jupyterlab_server=2.27.3=pyhd8ed1ab_1
  - jupyterlab_widgets=3.0.13=pyhd8ed1ab_1
  - jupytext=1.16.7=pyhbbac1ac_0
  - jxrlib=1.1=hcfcfb64_3
  - kealib=1.5.3=h6c43f9b_2
  - kiwisolver=1.4.7=py310hc19bc0b_0
  - krb5=1.21.3=hdf4eb48_0
  - latexcodec=2.0.1=pyh9f0ad1d_0
  - lazy-loader=0.4=pyhd8ed1ab_2
  - lazy_loader=0.4=pyhd8ed1ab_2
  - lcms2=2.16=h67d730c_0
  - lerc=4.0.0=h63175ca_0
  - libabseil=20230802.1=cxx17_h63175ca_0
  - libaec=1.1.3=h63175ca_0
  - libasprintf=0.22.5=h5728263_3
  - libasprintf-devel=0.22.5=h5728263_3
  - libavif=1.0.1=h7a9aacb_3
  - libblas=3.9.0=20_win64_mkl
  - libbrotlicommon=1.1.0=h2466b09_2
  - libbrotlidec=1.1.0=h2466b09_2
  - libbrotlienc=1.1.0=h2466b09_2
  - libcblas=3.9.0=20_win64_mkl
  - libclang=15.0.7=default_h3a3e6c3_5
  - libclang13=15.0.7=default_hf64faad_5
  - libcrc32c=1.1.2=h0e60522_0
  - libcurl=8.12.1=h88aaa65_0
  - libdeflate=1.19=hcfcfb64_0
  - libdlf=0.3.0=pyhd8ed1ab_1
  - libexpat=2.6.4=he0c23c2_0
  - libffi=3.4.6=h537db12_0
  - libgdal=3.6.4=h8c6448d_22
  - libgettextpo=0.22.5=h5728263_3
  - libgettextpo-devel=0.22.5=h5728263_3
  - libglib=2.78.1=he8f3873_0
  - libgoogle-cloud=2.12.0=hc7cbac0_5
  - libgrpc=1.60.1=h0bf0bfa_0
  - libhwloc=2.11.1=default_h8125262_1000
  - libiconv=1.18=h135ad9c_1
  - libintl=0.22.5=h5728263_3
  - libintl-devel=0.22.5=h5728263_3
  - libjpeg-turbo=3.0.0=hcfcfb64_1
  - libkml=1.3.0=h538826c_1021
  - liblapack=3.9.0=20_win64_mkl
  - liblzma=5.6.4=h2466b09_0
  - liblzma-devel=5.6.4=h2466b09_0
  - libnetcdf=4.9.2=nompi_h92078aa_114
  - libogg=1.3.5=h2466b09_0
  - libpng=1.6.47=had7236b_0
  - libpq=16.8=hddc24e7_0
  - libprotobuf=4.25.1=hb8276f3_2
  - libre2-11=2023.09.01=h8c5ae5e_1
  - librttopo=1.1.0=h92c5fdb_14
  - libsodium=1.0.20=hc70643c_0
  - libspatialite=5.0.1=hbf340bc_29
  - libsqlite=3.49.1=h67fdade_1
  - libssh2=1.11.1=he619c9f_0
  - libtiff=4.6.0=h6e2ebb7_2
  - libvorbis=1.3.7=h0e60522_0
  - libwebp=1.5.0=h3b0e114_0
  - libwebp-base=1.5.0=h3b0e114_0
  - libxcb=1.16=h013a479_1
  - libxml2=2.13.6=he286e8c_0
  - libxslt=1.1.39=h3df6e99_0
  - libzip=1.11.2=h3135430_0
  - libzlib=1.3.1=h2466b09_2
  - libzopfli=1.0.3=h0e60522_0
  - linkify-it-py=2.0.3=pyhd8ed1ab_1
  - llvm-openmp=19.1.7=h30eaf37_0
  - llvmlite=0.44.0=py310h0288bfe_0
  - locket=1.0.0=pyhd8ed1ab_0
  - lz4-c=1.9.4=hcfcfb64_0
  - m2w64-gcc-libgfortran=5.3.0=6
  - m2w64-gcc-libs=5.3.0=7
  - m2w64-gcc-libs-core=5.3.0=7
  - m2w64-gmp=6.1.0=2
  - m2w64-libwinpthread-git=5.0.0.4634.697f757=2
  - markdown-it-py=2.2.0=pyhd8ed1ab_0
  - markupsafe=3.0.2=py310h38315fa_1
  - matplotlib=3.8.4=py310h5588dad_2
  - matplotlib-base=3.8.4=py310hadb10a8_2
  - matplotlib-inline=0.1.7=pyhd8ed1ab_1
  - mccabe=0.7.0=pyhd8ed1ab_1
  - mdit-py-plugins=0.4.2=pyhd8ed1ab_1
  - mdurl=0.1.2=pyhd8ed1ab_1
  - minizip=4.0.7=h9fa1bad_3
  - mistune=3.1.2=pyhd8ed1ab_0
  - mkl=2023.2.0=h6a75c08_50497
  - msgpack-python=1.1.0=py310hc19bc0b_0
  - msys2-conda-epoch=20160418=1
  - mumps-seq=5.7.3=h9576071_7
  - munch=4.0.0=pyhd8ed1ab_1
  - munkres=1.1.4=pyh9f0ad1d_0
  - myst-nb=1.2.0=pyh29332c3_0
  - myst-parser=1.0.0=pyhd8ed1ab_0
  - nbclient=0.10.2=pyhd8ed1ab_0
  - nbconvert-core=7.16.6=pyh29332c3_0
  - nbformat=5.10.4=pyhd8ed1ab_1
  - nest-asyncio=1.6.0=pyhd8ed1ab_1
  - networkx=3.4.2=pyh267e887_2
  - notebook=7.3.2=pyhd8ed1ab_0
  - notebook-shim=0.2.4=pyhd8ed1ab_1
  - numba=0.61.0=py310h7793332_1
  - numcodecs=0.13.1=py310hb4db72f_0
  - numpy=1.26.4=py310hf667824_0
  - openjpeg=2.5.2=h3d672ee_0
  - openssl=3.4.1=ha4e3fda_0
  - overrides=7.7.0=pyhd8ed1ab_1
  - packaging=24.2=pyhd8ed1ab_2
  - pandas=2.2.3=py310hb4db72f_1
  - pandocfilters=1.5.0=pyhd8ed1ab_0
  - parso=0.8.4=pyhd8ed1ab_1
  - partd=1.4.2=pyhd8ed1ab_0
  - pcre2=10.40=h17e33f8_0
  - pickleshare=0.7.5=pyhd8ed1ab_1004
  - pillow=10.3.0=py310h3e38d90_1
  - pip=25.0.1=pyh8b19718_0
  - pixman=0.44.2=had0cd8c_0
  - pkgutil-resolve-name=1.3.10=pyhd8ed1ab_2
  - platformdirs=4.3.6=pyhd8ed1ab_1
  - plotly=5.19.0=pyhd8ed1ab_0
  - pluggy=1.5.0=pyhd8ed1ab_1
  - ply=3.11=pyhd8ed1ab_3
  - poppler=23.10.0=hc2f3c52_0
  - poppler-data=0.4.12=hd8ed1ab_0
  - postgresql=16.8=h38e16cc_0
  - proj=9.3.0=he13c7e8_2
  - prometheus_client=0.21.1=pyhd8ed1ab_0
  - prompt-toolkit=3.0.50=pyha770c72_0
  - psutil=6.1.1=py310ha8f682b_0
  - pthread-stubs=0.4=hcd874cb_1001
  - pthreads-win32=2.9.1=h2466b09_4
  - pure_eval=0.2.3=pyhd8ed1ab_1
  - pybtex=0.24.0=pyhd8ed1ab_3
  - pybtex-docutils=1.0.3=py310h5588dad_2
  - pycparser=2.22=pyh29332c3_1
  - pydantic=2.10.6=pyh3cfb1c2_0
  - pydantic-core=2.27.2=py310hc226416_0
  - pydata-sphinx-theme=0.15.4=pyhd8ed1ab_0
  - pydiso=0.1.2=py310h5da8fee_0
  - pygments=2.19.1=pyhd8ed1ab_0
  - pylint=3.3.4=pyh29332c3_0
  - pymatsolver=0.3.1=pyh48887ae_201
  - pyparsing=3.2.1=pyhd8ed1ab_0
  - pyqt=5.15.9=py310h1fd54f2_5
  - pyqt5-sip=12.12.2=py310h00ffb61_5
  - pyqtwebengine=5.15.9=py310he49db7d_5
  - pyside2=5.15.8=py310h1e56762_4
  - pysocks=1.7.1=pyh09c184e_7
  - pytest=8.3.4=pyhd8ed1ab_1
  - pytest-cov=6.0.0=pyhd8ed1ab_1
  - python=3.10.16=h37870fc_1_cpython
  - python-dateutil=2.9.0.post0=pyhff2d567_1
  - python-fastjsonschema=2.21.1=pyhd8ed1ab_0
  - python-json-logger=2.0.7=pyhd8ed1ab_0
  - python-mumps=0.0.3=py310hb64895d_0
  - python-tzdata=2023.4=pyhd8ed1ab_0
  - python_abi=3.10=5_cp310
  - pytz=2024.1=pyhd8ed1ab_0
  - pywavelets=1.8.0=py310hb0944cc_0
  - pywin32=307=py310h9e98ed7_3
  - pywinpty=2.0.15=py310h9e98ed7_0
  - pyyaml=6.0.2=py310h38315fa_2
  - pyzmq=26.2.1=py310h656833d_0
  - qt-main=5.15.8=h9e85ed6_17
  - qt-webengine=5.15.8=h4bf5c4e_4
  - rav1e=0.6.6=h975169c_2
  - re2=2023.09.01=hd3b24a8_1
  - readthedocs-sphinx-ext=2.2.5=pyhd8ed1ab_1
  - referencing=0.36.2=pyh29332c3_0
  - requests=2.32.3=pyhd8ed1ab_1
  - retrying=1.3.4=pyhd8ed1ab_0
  - rfc3339-validator=0.1.4=pyhd8ed1ab_1
  - rfc3986-validator=0.1.1=pyh9f0ad1d_0
  - rpds-py=0.23.1=py310h7c79e54_0
  - scikit-image=0.24.0=py310hb4db72f_3
  - scikit-learn=1.4.2=py310hf2a6c47_1
  - scipy=1.14.1=py310hbd0dde3_2
  - semver=3.0.4=pyhd8ed1ab_0
  - send2trash=1.8.3=pyh5737063_1
  - setuptools=75.8.0=pyhff2d567_0
  - shapely=2.0.2=py310h839b4a8_0
  - sip=6.7.12=py310h00ffb61_0
  - six=1.17.0=pyhd8ed1ab_0
  - snappy=1.1.10=hfb803bf_1
  - sniffio=1.3.1=pyhd8ed1ab_1
  - snowballstemmer=2.2.0=pyhd8ed1ab_0
  - sortedcontainers=2.4.0=pyhd8ed1ab_1
  - soupsieve=2.5=pyhd8ed1ab_1
  - sphinx=5.3.0=pyhd8ed1ab_0
  - sphinx-book-theme=1.1.3=pyhd8ed1ab_1
  - sphinx-comments=0.0.3=pyhd8ed1ab_1
  - sphinx-copybutton=0.5.2=pyhd8ed1ab_1
  - sphinx-design=0.6.1=pyhd8ed1ab_0
  - sphinx-external-toc=1.0.1=pyhd8ed1ab_1
  - sphinx-jupyterbook-latex=1.0.0=pyhd8ed1ab_1
  - sphinx-multitoc-numbering=0.1.3=pyhd8ed1ab_1
  - sphinx-thebe=0.3.1=pyhd8ed1ab_1
  - sphinx-togglebutton=0.3.2=pyhd8ed1ab_0
  - sphinxcontrib-applehelp=2.0.0=pyhd8ed1ab_1
  - sphinxcontrib-bibtex=2.5.0=pyhd8ed1ab_0
  - sphinxcontrib-devhelp=2.0.0=pyhd8ed1ab_1
  - sphinxcontrib-htmlhelp=2.1.0=pyhd8ed1ab_1
  - sphinxcontrib-jsmath=1.0.1=pyhd8ed1ab_1
  - sphinxcontrib-qthelp=2.0.0=pyhd8ed1ab_1
  - sphinxcontrib-serializinghtml=1.1.10=pyhd8ed1ab_1
  - sqlalchemy=2.0.38=py310ha8f682b_0
  - sqlite=3.49.1=h2466b09_1
  - stack_data=0.6.3=pyhd8ed1ab_1
  - svt-av1=1.7.0=h63175ca_0
  - tabulate=0.9.0=pyhd8ed1ab_2
  - tbb=2021.12.0=hc790b64_4
  - tblib=3.0.0=pyhd8ed1ab_1
  - tenacity=9.0.0=pyhd8ed1ab_1
  - terminado=0.18.1=pyh5737063_0
  - threadpoolctl=3.5.0=pyhc1e730c_0
  - tifffile=2024.12.12=pyhd8ed1ab_0
  - tiledb=2.16.3=hbf04793_3
  - tinycss2=1.4.0=pyhd8ed1ab_0
  - tk=8.6.13=h5226925_1
  - toml=0.10.2=pyhd8ed1ab_1
  - tomli=2.2.1=pyhd8ed1ab_1
  - tomlkit=0.13.2=pyha770c72_1
  - toolz=1.0.0=pyhd8ed1ab_1
  - tornado=6.4.2=py310ha8f682b_0
  - tqdm=4.67.1=pyhd8ed1ab_1
  - traitlets=5.14.3=pyhd8ed1ab_1
  - types-python-dateutil=2.9.0.20241206=pyhd8ed1ab_0
  - typing-extensions=4.12.2=hd8ed1ab_1
  - typing_extensions=4.12.2=pyha770c72_1
  - typing_utils=0.1.0=pyhd8ed1ab_1
  - tzdata=2025a=h78e105d_0
  - uc-micro-py=1.0.3=pyhd8ed1ab_1
  - ucrt=10.0.22621.0=h57928b3_1
  - unicodedata2=16.0.0=py310ha8f682b_0
  - uri-template=1.3.0=pyhd8ed1ab_1
  - uriparser=0.9.8=h5a68840_0
  - urllib3=2.3.0=pyhd8ed1ab_0
  - vc=14.3=h5fd82a7_24
  - vc14_runtime=14.42.34433=h6356254_24
  - vs2015_runtime=14.42.34433=hfef2bbc_24
  - wcwidth=0.2.13=pyhd8ed1ab_1
  - webcolors=24.11.1=pyhd8ed1ab_0
  - webencodings=0.5.1=pyhd8ed1ab_3
  - websocket-client=1.8.0=pyhd8ed1ab_1
  - werkzeug=3.1.3=pyhd8ed1ab_1
  - wheel=0.45.1=pyhd8ed1ab_1
  - widgetsnbextension=4.0.13=pyhd8ed1ab_1
  - win_inet_pton=1.1.0=pyh7428d3b_8
  - winpty=0.4.3=4
  - xerces-c=3.2.5=he0c23c2_2
  - xorg-libxau=1.0.11=hcd874cb_0
  - xorg-libxdmcp=1.1.3=hcd874cb_0
  - xyzservices=2025.1.0=pyhd8ed1ab_0
  - xz=5.6.4=h208afaa_0
  - xz-tools=5.6.4=h2466b09_0
  - yaml=0.2.5=h8ffe710_2
  - zarr=2.14.2=pyhd8ed1ab_0
  - zeromq=4.3.5=ha9f60a1_7
  - zfp=1.0.1=he0c23c2_2
  - zict=3.0.0=pyhd8ed1ab_1
  - zipp=3.21.0=pyhd8ed1ab_1
  - zlib=1.3.1=h2466b09_2
  - zlib-ng=2.0.7=hcfcfb64_0
  - zstandard=0.23.0=py310he5e10e1_1
  - zstd=1.5.6=h0ea2cb4_0
  - pip:
      - curve-apps @ git+https://github.com/MiraGeoscience/curve-apps.git@d0e4a537c5cf63316d7f1e18cdaa9134573ca126
      - geoapps-utils @ git+https://github.com/MiraGeoscience/geoapps-utils.git@4d829b7b8759d7537a8184aa506548ddccf72041
      - geoh5py @ git+https://github.com/MiraGeoscience/geoh5py.git@99300455d1d5627d8a2e95a7217da2bab4921f48
      - mira-simpeg @ git+https://github.com/MiraGeoscience/simpeg.git@e9911e10d7c08115b10d14f8e5ff7f0da7b11dd1
      - octree-creation-app @ git+https://github.com/MiraGeoscience/octree-creation-app.git@3c479f5d098332ff1c6e0eca0d56be6cc01e0911
      - param-sweeps @ git+https://github.com/MiraGeoscience/param-sweeps.git@39de1da1495aff6d16641d408317619e23adbdb4
      - peak-finder-app @ git+https://github.com/MiraGeoscience/peak-finder-app.git@2dc304a2ef3cd4ac6b2df626bd714e0228814b29
      - properties == 0.6.1
      - simpeg-archive == 0.11.0.1
      - simpeg-drivers @ git+https://github.com/MiraGeoscience/simpeg-drivers.git@8a0cc67b0f4d1a132de239b4a20a10fa51bd3278
      - surface-apps @ git+https://github.com/MiraGeoscience/surface-apps.git@6d2285c621ed4cd2c4ad63a9b0eddaba0e0a7f33

variables:
  KMP_WARNINGS: 0
