# Generated by conda-lock.
# platform: win-64
# input_hash: a40326e885262e241f9797ce3d1f9105b1cb3651bbf7f62c7addb9b16fcab12e

channels:
  - conda-forge
  - kinverarity
dependencies:
  - annotated-types=0.6.0=pyhd8ed1ab_0
  - ansi2html=1.9.1=py310h5588dad_0
  - argon2-cffi=23.1.0=pyhd8ed1ab_0
  - argon2-cffi-bindings=21.2.0=py310h8d17308_4
  - asttokens=2.4.1=pyhd8ed1ab_0
  - attrs=23.2.0=pyh71513ae_0
  - beautifulsoup4=4.12.3=pyha770c72_0
  - bleach=6.1.0=pyhd8ed1ab_0
  - blinker=1.8.1=pyhd8ed1ab_0
  - brotli-python=1.1.0=py310h00ffb61_1
  - bzip2=1.0.8=hcfcfb64_5
  - ca-certificates=2024.2.2=h56e8100_0
  - cached-property=1.5.2=hd8ed1ab_1
  - cached_property=1.5.2=pyha770c72_1
  - certifi=2024.2.2=pyhd8ed1ab_0
  - cffi=1.16.0=py310h8d17308_0
  - chardet=5.2.0=py310h5588dad_1
  - charset-normalizer=3.3.2=pyhd8ed1ab_0
  - click=8.1.7=win_pyh7428d3b_0
  - colorama=0.4.6=pyhd8ed1ab_0
  - comm=0.2.2=pyhd8ed1ab_0
  - dash=2.12.1=pyhd8ed1ab_0
  - dask-core=2022.10.2=pyhd8ed1ab_0
  - debugpy=1.8.1=py310h00ffb61_0
  - decorator=5.1.1=pyhd8ed1ab_0
  - defusedxml=0.7.1=pyhd8ed1ab_0
  - discretize=0.10.0=py310h4856b71_1
  - distributed=2022.10.2=pyhd8ed1ab_0
  - entrypoints=0.4=pyhd8ed1ab_0
  - et_xmlfile=1.1.0=pyhd8ed1ab_0
  - exceptiongroup=1.2.0=pyhd8ed1ab_2
  - executing=2.0.1=pyhd8ed1ab_0
  - flask=3.0.3=pyhd8ed1ab_0
  - freetype=2.12.1=hdaf720e_2
  - fsspec=2022.11.0=pyhd8ed1ab_0
  - geoana=0.4.0=py310h232114e_1
  - h5py=3.11.0=nompi_py310hde4a0ea_100
  - hdf5=1.14.3=nompi_h73e8ff5_101
  - idna=3.7=pyhd8ed1ab_0
  - importlib-metadata=7.1.0=pyha770c72_0
  - importlib_resources=6.4.0=pyhd8ed1ab_0
  - intel-openmp=2024.1.0=h57928b3_965
  - ipykernel=6.29.3=pyha63f2e9_0
  - ipython=8.21.0=pyh7428d3b_0
  - ipython_genutils=0.2.0=py_1
  - itsdangerous=2.2.0=pyhd8ed1ab_0
  - jedi=0.19.1=pyhd8ed1ab_0
  - jinja2=3.1.3=pyhd8ed1ab_0
  - jsonschema=4.22.0=pyhd8ed1ab_0
  - jsonschema-specifications=2023.12.1=pyhd8ed1ab_0
  - jupyter_client=7.3.4=pyhd8ed1ab_0
  - jupyter_core=5.7.2=py310h5588dad_0
  - jupyterlab_pygments=0.3.0=pyhd8ed1ab_1
  - krb5=1.21.2=heb0366b_0
  - lasio=0.31=py_0
  - lcms2=2.16=h67d730c_0
  - lerc=4.0.0=h63175ca_0
  - libaec=1.1.3=h63175ca_0
  - libblas=3.9.0=18_win64_mkl
  - libcblas=3.9.0=18_win64_mkl
  - libcurl=8.7.1=hd5e4a3a_0
  - libdeflate=1.19=hcfcfb64_0
  - libffi=3.4.2=h8ffe710_5
  - libhwloc=2.10.0=default_h2fffb23_1000
  - libiconv=1.17=hcfcfb64_2
  - libjpeg-turbo=3.0.0=hcfcfb64_1
  - liblapack=3.9.0=18_win64_mkl
  - libpng=1.6.43=h19919ed_0
  - libsodium=1.0.18=h8d14728_1
  - libsqlite=3.45.3=hcfcfb64_0
  - libssh2=1.11.0=h7dfc565_0
  - libtiff=4.6.0=h6e2ebb7_2
  - libwebp-base=1.4.0=hcfcfb64_0
  - libxcb=1.15=hcd874cb_0
  - libxml2=2.12.6=hc3477c8_2
  - libzlib=1.2.13=hcfcfb64_5
  - m2w64-gcc-libgfortran=5.3.0=6
  - m2w64-gcc-libs=5.3.0=7
  - m2w64-gcc-libs-core=5.3.0=7
  - m2w64-gmp=6.1.0=2
  - m2w64-libwinpthread-git=5.0.0.4634.697f757=2
  - markupsafe=2.1.5=py310h8d17308_0
  - matplotlib-inline=0.1.7=pyhd8ed1ab_0
  - mistune=3.0.2=pyhd8ed1ab_0
  - mkl=2022.1.0=h6a75c08_874
  - msys2-conda-epoch=20160418=1
  - nbclient=0.10.0=pyhd8ed1ab_0
  - nbconvert=7.16.4=hd8ed1ab_0
  - nbconvert-core=7.16.4=pyhd8ed1ab_0
  - nbconvert-pandoc=7.16.4=hd8ed1ab_0
  - nbformat=5.10.4=pyhd8ed1ab_0
  - nest-asyncio=1.6.0=pyhd8ed1ab_0
  - notebook=6.4.12=pyha770c72_0
  - numpy=1.23.5=py310h4a8f9c9_0
  - openjpeg=2.5.2=h3d672ee_0
  - openpyxl=3.1.2=py310h8d17308_1
  - openssl=3.3.0=hcfcfb64_0
  - packaging=24.0=pyhd8ed1ab_0
  - pandas=1.5.3=py310h1c4a608_1
  - pandoc=3.1.13=h57928b3_0
  - pandocfilters=1.5.0=pyhd8ed1ab_0
  - parso=0.8.4=pyhd8ed1ab_0
  - pickleshare=0.7.5=py_1003
  - pillow=10.3.0=py310hf5d6e66_0
  - pip=24.0=pyhd8ed1ab_0
  - pkgutil-resolve-name=1.3.10=pyhd8ed1ab_1
  - platformdirs=4.2.1=pyhd8ed1ab_0
  - pooch=1.8.1=pyhd8ed1ab_0
  - prometheus_client=0.20.0=pyhd8ed1ab_0
  - prompt-toolkit=3.0.42=pyha770c72_0
  - properties=0.6.1=py_0
  - psutil=5.9.8=py310h8d17308_0
  - pthread-stubs=0.4=hcd874cb_1001
  - pthreads-win32=2.9.1=hfa6e2cd_3
  - pure_eval=0.2.2=pyhd8ed1ab_0
  - pycparser=2.22=pyhd8ed1ab_0
  - pydantic=2.5.3=pyhd8ed1ab_0
  - pydantic-core=2.14.6=py310h87d50f1_1
  - pydiso=0.0.3=py310h847dae0_4
  - pymatsolver=0.2.0=ha770c72_3
  - pypng=0.20220715.0=pyhd8ed1ab_0
  - pysocks=1.7.1=pyh0701188_6
  - python=3.10.14=h4de0772_0_cpython
  - python-dateutil=2.9.0=pyhd8ed1ab_0
  - python-fastjsonschema=2.19.1=pyhd8ed1ab_0
  - python_abi=3.10=4_cp310
  - pytz=2024.1=pyhd8ed1ab_0
  - pywin32=306=py310h00ffb61_2
  - pywinpty=2.0.13=py310h00ffb61_0
  - pyzmq=26.0.2=py310h656833d_0
  - referencing=0.35.1=pyhd8ed1ab_0
  - requests=2.31.0=pyhd8ed1ab_0
  - retrying=1.3.3=py_2
  - rpds-py=0.18.0=py310h87d50f1_0
  - scikit-learn=1.2.2=py310hd266714_2
  - scipy=1.10.1=py310h578b7cb_3
  - semver=3.0.2=pyhd8ed1ab_0
  - send2trash=1.8.3=pyh5737063_0
  - setuptools=69.5.1=pyhd8ed1ab_0
  - six=1.16.0=pyh6c4a22f_0
  - soupsieve=2.5=pyhd8ed1ab_1
  - stack_data=0.6.2=pyhd8ed1ab_0
  - tbb=2021.12.0=h91493d7_0
  - tenacity=8.2.3=pyhd8ed1ab_0
  - terminado=0.18.1=pyh5737063_0
  - tinycss2=1.3.0=pyhd8ed1ab_0
  - tk=8.6.13=h5226925_1
  - tornado=6.1=py310he2412df_3
  - tqdm=4.66.2=pyhd8ed1ab_0
  - traitlets=5.9.0=pyhd8ed1ab_0
  - typing-extensions=4.11.0=hd8ed1ab_0
  - typing_extensions=4.11.0=pyha770c72_0
  - tzdata=2024a=h0c530f3_0
  - ucrt=10.0.22621.0=h57928b3_0
  - urllib3=2.2.1=pyhd8ed1ab_0
  - vc=14.3=hcf57466_18
  - vc14_runtime=14.38.33130=h82b7239_18
  - vectormath=0.2.2=py_0
  - vs2015_runtime=14.38.33130=hcb4865c_18
  - wcwidth=0.2.13=pyhd8ed1ab_0
  - webencodings=0.5.1=pyhd8ed1ab_2
  - werkzeug=3.0.2=pyhd8ed1ab_0
  - wheel=0.43.0=pyhd8ed1ab_1
  - win_inet_pton=1.1.0=pyhd8ed1ab_6
  - winpty=0.4.3=4
  - xorg-libxau=1.0.11=hcd874cb_0
  - xorg-libxdmcp=1.1.3=hcd874cb_0
  - xz=5.2.6=h8d14728_0
  - zarr=2.14.2=pyhd8ed1ab_0
  - zeromq=4.3.5=he0c23c2_3
  - zipp=3.17.0=pyhd8ed1ab_0
  - zstd=1.5.5=h12be248_0
  - pip:
      - geoapps-utils === 0.3.0rc1
      - geoh5py === 0.9.0rc1
      - las-geoh5 === 0.2.0rc1
      - mira-omf === 3.2.0rc1
      - octree-creation-app === 0.1.0rc2
      - pandas === 2.2.2
      - param-sweeps === 0.1.7rc1
      - pillow === 10.1.0
      - scikit-learn === 1.4.2
      - setuptools-scm === 8.0.4
      - simpeg-drivers @ https://github.com/MiraGeoscience/simpeg-drivers/archive/refs/heads/release/0.1.0.zip
      - tzdata === 2023.4

variables:
  KMP_WARNINGS: 0
